// !$*UTF8*$!
{
	archiveVersion = 1;
	classes = {
	};
	objectVersion = 46;
	objects = {

/* Begin PBXBuildFile section */
		FFCBAE661654BBC3004E4DDE /* UIKit.framework in Frameworks */ = {isa = PBXBuildFile; fileRef = FFCBAE651654BBC3004E4DDE /* UIKit.framework */; };
		FFCBAE681654BBC3004E4DDE /* Foundation.framework in Frameworks */ = {isa = PBXBuildFile; fileRef = FFCBAE671654BBC3004E4DDE /* Foundation.framework */; };
		FFCBAE6A1654BBC3004E4DDE /* CoreGraphics.framework in Frameworks */ = {isa = PBXBuildFile; fileRef = FFCBAE691654BBC3004E4DDE /* CoreGraphics.framework */; };
		FFCBAE701654BBC3004E4DDE /* InfoPlist.strings in Resources */ = {isa = PBXBuildFile; fileRef = FFCBAE6E1654BBC3004E4DDE /* InfoPlist.strings */; };
		FFCBAE721654BBC3004E4DDE /* main.m in Sources */ = {isa = PBXBuildFile; fileRef = FFCBAE711654BBC3004E4DDE /* main.m */; };
		FFCBAE761654BBC3004E4DDE /* LWAppDelegate.m in Sources */ = {isa = PBXBuildFile; fileRef = FFCBAE751654BBC3004E4DDE /* LWAppDelegate.m */; };
		FFCBAE781654BBC3004E4DDE /* Default.png in Resources */ = {isa = PBXBuildFile; fileRef = FFCBAE771654BBC3004E4DDE /* Default.png */; };
		FFCBAE7A1654BBC3004E4DDE /* Default@2x.png in Resources */ = {isa = PBXBuildFile; fileRef = FFCBAE791654BBC3004E4DDE /* Default@2x.png */; };
		FFCBAE7C1654BBC3004E4DDE /* Default-568h@2x.png in Resources */ = {isa = PBXBuildFile; fileRef = FFCBAE7B1654BBC3004E4DDE /* Default-568h@2x.png */; };
		FFCBAE7F1654BBC3004E4DDE /* LWViewController.m in Sources */ = {isa = PBXBuildFile; fileRef = FFCBAE7E1654BBC3004E4DDE /* LWViewController.m */; };
		FFCBAE821654BBC3004E4DDE /* LWViewController.xib in Resources */ = {isa = PBXBuildFile; fileRef = FFCBAE801654BBC3004E4DDE /* LWViewController.xib */; };
		FFCBAE8A1654BBFA004E4DDE /* LWTouchDrawView.m in Sources */ = {isa = PBXBuildFile; fileRef = FFCBAE891654BBFA004E4DDE /* LWTouchDrawView.m */; };
/* End PBXBuildFile section */

/* Begin PBXFileReference section */
		FFCBAE611654BBC3004E4DDE /* EtchTouch.app */ = {isa = PBXFileReference; explicitFileType = wrapper.application; includeInIndex = 0; path = EtchTouch.app; sourceTree = BUILT_PRODUCTS_DIR; };
		FFCBAE651654BBC3004E4DDE /* UIKit.framework */ = {isa = PBXFileReference; lastKnownFileType = wrapper.framework; name = UIKit.framework; path = System/Library/Frameworks/UIKit.framework; sourceTree = SDKROOT; };
		FFCBAE671654BBC3004E4DDE /* Foundation.framework */ = {isa = PBXFileReference; lastKnownFileType = wrapper.framework; name = Foundation.framework; path = System/Library/Frameworks/Foundation.framework; sourceTree = SDKROOT; };
		FFCBAE691654BBC3004E4DDE /* CoreGraphics.framework */ = {isa = PBXFileReference; lastKnownFileType = wrapper.framework; name = CoreGraphics.framework; path = System/Library/Frameworks/CoreGraphics.framework; sourceTree = SDKROOT; };
		FFCBAE6D1654BBC3004E4DDE /* EtchTouch-Info.plist */ = {isa = PBXFileReference; lastKnownFileType = text.plist.xml; path = "EtchTouch-Info.plist"; sourceTree = "<group>"; };
		FFCBAE6F1654BBC3004E4DDE /* en */ = {isa = PBXFileReference; lastKnownFileType = text.plist.strings; name = en; path = en.lproj/InfoPlist.strings; sourceTree = "<group>"; };
		FFCBAE711654BBC3004E4DDE /* main.m */ = {isa = PBXFileReference; lastKnownFileType = sourcecode.c.objc; path = main.m; sourceTree = "<group>"; };
		FFCBAE731654BBC3004E4DDE /* EtchTouch-Prefix.pch */ = {isa = PBXFileReference; lastKnownFileType = sourcecode.c.h; path = "EtchTouch-Prefix.pch"; sourceTree = "<group>"; };
		FFCBAE741654BBC3004E4DDE /* LWAppDelegate.h */ = {isa = PBXFileReference; lastKnownFileType = sourcecode.c.h; path = LWAppDelegate.h; sourceTree = "<group>"; };
		FFCBAE751654BBC3004E4DDE /* LWAppDelegate.m */ = {isa = PBXFileReference; lastKnownFileType = sourcecode.c.objc; path = LWAppDelegate.m; sourceTree = "<group>"; };
		FFCBAE771654BBC3004E4DDE /* Default.png */ = {isa = PBXFileReference; lastKnownFileType = image.png; path = Default.png; sourceTree = "<group>"; };
		FFCBAE791654BBC3004E4DDE /* Default@2x.png */ = {isa = PBXFileReference; lastKnownFileType = image.png; path = "Default@2x.png"; sourceTree = "<group>"; };
		FFCBAE7B1654BBC3004E4DDE /* Default-568h@2x.png */ = {isa = PBXFileReference; lastKnownFileType = image.png; path = "Default-568h@2x.png"; sourceTree = "<group>"; };
		FFCBAE7D1654BBC3004E4DDE /* LWViewController.h */ = {isa = PBXFileReference; lastKnownFileType = sourcecode.c.h; path = LWViewController.h; sourceTree = "<group>"; };
		FFCBAE7E1654BBC3004E4DDE /* LWViewController.m */ = {isa = PBXFileReference; lastKnownFileType = sourcecode.c.objc; path = LWViewController.m; sourceTree = "<group>"; };
		FFCBAE811654BBC3004E4DDE /* en */ = {isa = PBXFileReference; lastKnownFileType = file.xib; name = en; path = en.lproj/LWViewController.xib; sourceTree = "<group>"; };
		FFCBAE881654BBFA004E4DDE /* LWTouchDrawView.h */ = {isa = PBXFileReference; fileEncoding = 4; lastKnownFileType = sourcecode.c.h; path = LWTouchDrawView.h; sourceTree = "<group>"; };
		FFCBAE891654BBFA004E4DDE /* LWTouchDrawView.m */ = {isa = PBXFileReference; fileEncoding = 4; lastKnownFileType = sourcecode.c.objc; path = LWTouchDrawView.m; sourceTree = "<group>"; };
/* End PBXFileReference section */

/* Begin PBXFrameworksBuildPhase section */
		FFCBAE5E1654BBC3004E4DDE /* Frameworks */ = {
			isa = PBXFrameworksBuildPhase;
			buildActionMask = 2147483647;
			files = (
				FFCBAE661654BBC3004E4DDE /* UIKit.framework in Frameworks */,
				FFCBAE681654BBC3004E4DDE /* Foundation.framework in Frameworks */,
				FFCBAE6A1654BBC3004E4DDE /* CoreGraphics.framework in Frameworks */,
			);
			runOnlyForDeploymentPostprocessing = 0;
		};
/* End PBXFrameworksBuildPhase section */

/* Begin PBXGroup section */
		FFCBAE561654BBC3004E4DDE = {
			isa = PBXGroup;
			children = (
				FFCBAE6B1654BBC3004E4DDE /* EtchTouch */,
				FFCBAE641654BBC3004E4DDE /* Frameworks */,
				FFCBAE621654BBC3004E4DDE /* Products */,
			);
			sourceTree = "<group>";
		};
		FFCBAE621654BBC3004E4DDE /* Products */ = {
			isa = PBXGroup;
			children = (
				FFCBAE611654BBC3004E4DDE /* EtchTouch.app */,
			);
			name = Products;
			sourceTree = "<group>";
		};
		FFCBAE641654BBC3004E4DDE /* Frameworks */ = {
			isa = PBXGroup;
			children = (
				FFCBAE651654BBC3004E4DDE /* UIKit.framework */,
				FFCBAE671654BBC3004E4DDE /* Foundation.framework */,
				FFCBAE691654BBC3004E4DDE /* CoreGraphics.framework */,
			);
			name = Frameworks;
			sourceTree = "<group>";
		};
		FFCBAE6B1654BBC3004E4DDE /* EtchTouch */ = {
			isa = PBXGroup;
			children = (
				FFCBAE741654BBC3004E4DDE /* LWAppDelegate.h */,
				FFCBAE751654BBC3004E4DDE /* LWAppDelegate.m */,
				FFCBAE7D1654BBC3004E4DDE /* LWViewController.h */,
				FFCBAE7E1654BBC3004E4DDE /* LWViewController.m */,
				FFCBAE801654BBC3004E4DDE /* LWViewController.xib */,
				FFCBAE6C1654BBC3004E4DDE /* Supporting Files */,
				FFCBAE881654BBFA004E4DDE /* LWTouchDrawView.h */,
				FFCBAE891654BBFA004E4DDE /* LWTouchDrawView.m */,
			);
			path = EtchTouch;
			sourceTree = "<group>";
		};
		FFCBAE6C1654BBC3004E4DDE /* Supporting Files */ = {
			isa = PBXGroup;
			children = (
				FFCBAE6D1654BBC3004E4DDE /* EtchTouch-Info.plist */,
				FFCBAE6E1654BBC3004E4DDE /* InfoPlist.strings */,
				FFCBAE711654BBC3004E4DDE /* main.m */,
				FFCBAE731654BBC3004E4DDE /* EtchTouch-Prefix.pch */,
				FFCBAE771654BBC3004E4DDE /* Default.png */,
				FFCBAE791654BBC3004E4DDE /* Default@2x.png */,
				FFCBAE7B1654BBC3004E4DDE /* Default-568h@2x.png */,
			);
			name = "Supporting Files";
			sourceTree = "<group>";
		};
/* End PBXGroup section */

/* Begin PBXNativeTarget section */
		FFCBAE601654BBC3004E4DDE /* EtchTouch */ = {
			isa = PBXNativeTarget;
			buildConfigurationList = FFCBAE851654BBC3004E4DDE /* Build configuration list for PBXNativeTarget "EtchTouch" */;
			buildPhases = (
				FFCBAE5D1654BBC3004E4DDE /* Sources */,
				FFCBAE5E1654BBC3004E4DDE /* Frameworks */,
				FFCBAE5F1654BBC3004E4DDE /* Resources */,
			);
			buildRules = (
			);
			dependencies = (
			);
			name = EtchTouch;
			productName = EtchTouch;
			productReference = FFCBAE611654BBC3004E4DDE /* EtchTouch.app */;
			productType = "com.apple.product-type.application";
		};
/* End PBXNativeTarget section */

/* Begin PBXProject section */
		FFCBAE581654BBC3004E4DDE /* Project object */ = {
			isa = PBXProject;
			attributes = {
				CLASSPREFIX = LW;
				LastUpgradeCheck = 0450;
				ORGANIZATIONNAME = Hippo;
			};
			buildConfigurationList = FFCBAE5B1654BBC3004E4DDE /* Build configuration list for PBXProject "EtchTouch" */;
			compatibilityVersion = "Xcode 3.2";
			developmentRegion = English;
			hasScannedForEncodings = 0;
			knownRegions = (
				en,
			);
			mainGroup = FFCBAE561654BBC3004E4DDE;
			productRefGroup = FFCBAE621654BBC3004E4DDE /* Products */;
			projectDirPath = "";
			projectRoot = "";
			targets = (
				FFCBAE601654BBC3004E4DDE /* EtchTouch */,
			);
		};
/* End PBXProject section */

/* Begin PBXResourcesBuildPhase section */
		FFCBAE5F1654BBC3004E4DDE /* Resources */ = {
			isa = PBXResourcesBuildPhase;
			buildActionMask = 2147483647;
			files = (
				FFCBAE701654BBC3004E4DDE /* InfoPlist.strings in Resources */,
				FFCBAE781654BBC3004E4DDE /* Default.png in Resources */,
				FFCBAE7A1654BBC3004E4DDE /* Default@2x.png in Resources */,
				FFCBAE7C1654BBC3004E4DDE /* Default-568h@2x.png in Resources */,
				FFCBAE821654BBC3004E4DDE /* LWViewController.xib in Resources */,
			);
			runOnlyForDeploymentPostprocessing = 0;
		};
/* End PBXResourcesBuildPhase section */

/* Begin PBXSourcesBuildPhase section */
		FFCBAE5D1654BBC3004E4DDE /* Sources */ = {
			isa = PBXSourcesBuildPhase;
			buildActionMask = 2147483647;
			files = (
				FFCBAE721654BBC3004E4DDE /* main.m in Sources */,
				FFCBAE761654BBC3004E4DDE /* LWAppDelegate.m in Sources */,
				FFCBAE7F1654BBC3004E4DDE /* LWViewController.m in Sources */,
				FFCBAE8A1654BBFA004E4DDE /* LWTouchDrawView.m in Sources */,
			);
			runOnlyForDeploymentPostprocessing = 0;
		};
/* End PBXSourcesBuildPhase section */

/* Begin PBXVariantGroup section */
		FFCBAE6E1654BBC3004E4DDE /* InfoPlist.strings */ = {
			isa = PBXVariantGroup;
			children = (
				FFCBAE6F1654BBC3004E4DDE /* en */,
			);
			name = InfoPlist.strings;
			sourceTree = "<group>";
		};
		FFCBAE801654BBC3004E4DDE /* LWViewController.xib */ = {
			isa = PBXVariantGroup;
			children = (
				FFCBAE811654BBC3004E4DDE /* en */,
			);
			name = LWViewController.xib;
			sourceTree = "<group>";
		};
/* End PBXVariantGroup section */

/* Begin XCBuildConfiguration section */
		FFCBAE831654BBC3004E4DDE /* Debug */ = {
			isa = XCBuildConfiguration;
			buildSettings = {
				ALWAYS_SEARCH_USER_PATHS = NO;
				CLANG_CXX_LANGUAGE_STANDARD = "gnu++0x";
				CLANG_CXX_LIBRARY = "libc++";
				CLANG_ENABLE_OBJC_ARC = YES;
				CLANG_WARN_EMPTY_BODY = YES;
				CLANG_WARN__DUPLICATE_METHOD_MATCH = YES;
				"CODE_SIGN_IDENTITY[sdk=iphoneos*]" = "iPhone Developer";
				COPY_PHASE_STRIP = NO;
				GCC_C_LANGUAGE_STANDARD = gnu99;
				GCC_DYNAMIC_NO_PIC = NO;
				GCC_OPTIMIZATION_LEVEL = 0;
				GCC_PREPROCESSOR_DEFINITIONS = (
					"DEBUG=1",
					"$(inherited)",
				);
				GCC_SYMBOLS_PRIVATE_EXTERN = NO;
				GCC_WARN_ABOUT_RETURN_TYPE = YES;
				GCC_WARN_UNINITIALIZED_AUTOS = YES;
				GCC_WARN_UNUSED_VARIABLE = YES;
				IPHONEOS_DEPLOYMENT_TARGET = 6.0;
				ONLY_ACTIVE_ARCH = YES;
				SDKROOT = iphoneos;
				TARGETED_DEVICE_FAMILY = 2;
			};
			name = Debug;
		};
		FFCBAE841654BBC3004E4DDE /* Release */ = {
			isa = XCBuildConfiguration;
			buildSettings = {
				ALWAYS_SEARCH_USER_PATHS = NO;
				CLANG_CXX_LANGUAGE_STANDARD = "gnu++0x";
				CLANG_CXX_LIBRARY = "libc++";
				CLANG_ENABLE_OBJC_ARC = YES;
				CLANG_WARN_EMPTY_BODY = YES;
				CLANG_WARN__DUPLICATE_METHOD_MATCH = YES;
				"CODE_SIGN_IDENTITY[sdk=iphoneos*]" = "iPhone Developer";
				COPY_PHASE_STRIP = YES;
				GCC_C_LANGUAGE_STANDARD = gnu99;
				GCC_WARN_ABOUT_RETURN_TYPE = YES;
				GCC_WARN_UNINITIALIZED_AUTOS = YES;
				GCC_WARN_UNUSED_VARIABLE = YES;
				IPHONEOS_DEPLOYMENT_TARGET = 6.0;
				OTHER_CFLAGS = "-DNS_BLOCK_ASSERTIONS=1";
				SDKROOT = iphoneos;
				TARGETED_DEVICE_FAMILY = 2;
				VALIDATE_PRODUCT = YES;
			};
			name = Release;
		};
		FFCBAE861654BBC3004E4DDE /* Debug */ = {
			isa = XCBuildConfiguration;
			buildSettings = {
				GCC_PRECOMPILE_PREFIX_HEADER = YES;
				GCC_PREFIX_HEADER = "EtchTouch/EtchTouch-Prefix.pch";
				INFOPLIST_FILE = "EtchTouch/EtchTouch-Info.plist";
				PRODUCT_NAME = "$(TARGET_NAME)";
				WRAPPER_EXTENSION = app;
			};
			name = Debug;
		};
		FFCBAE871654BBC3004E4DDE /* Release */ = {
			isa = XCBuildConfiguration;
			buildSettings = {
				GCC_PRECOMPILE_PREFIX_HEADER = YES;
				GCC_PREFIX_HEADER = "EtchTouch/EtchTouch-Prefix.pch";
				INFOPLIST_FILE = "EtchTouch/EtchTouch-Info.plist";
				PRODUCT_NAME = "$(TARGET_NAME)";
				WRAPPER_EXTENSION = app;
			};
			name = Release;
		};
/* End XCBuildConfiguration section */

/* Begin XCConfigurationList section */
		FFCBAE5B1654BBC3004E4DDE /* Build configuration list for PBXProject "EtchTouch" */ = {
			isa = XCConfigurationList;
			buildConfigurations = (
				FFCBAE831654BBC3004E4DDE /* Debug */,
				FFCBAE841654BBC3004E4DDE /* Release */,
			);
			defaultConfigurationIsVisible = 0;
			defaultConfigurationName = Release;
		};
		FFCBAE851654BBC3004E4DDE /* Build configuration list for PBXNativeTarget "EtchTouch" */ = {
			isa = XCConfigurationList;
			buildConfigurations = (
				FFCBAE861654BBC3004E4DDE /* Debug */,
				FFCBAE871654BBC3004E4DDE /* Release */,
			);
			defaultConfigurationIsVisible = 0;
		};
/* End XCConfigurationList section */
	};
	rootObject = FFCBAE581654BBC3004E4DDE /* Project object */;
}
